# This file is automatically @generated by Cargo.
# It is not intended for manual editing.
version = 3

[[package]]
name = "lab1"
version = "0.1.0"
dependencies = [
 "methods",
]

[[package]]
name = "lab10"
version = "0.1.0"

[[package]]
name = "lab11"
version = "0.1.0"

[[package]]
name = "lab12"
version = "0.1.0"

[[package]]
name = "lab13"
version = "0.1.0"

[[package]]
name = "lab2"
version = "0.1.0"
dependencies = [
 "methods",
]

[[package]]
name = "lab3"
version = "0.1.0"
dependencies = [
 "methods",
]

[[package]]
name = "lab4"
version = "0.1.0"
dependencies = [
 "methods",
]

[[package]]
name = "lab5"
version = "0.1.0"

[[package]]
name = "lab6"
version = "0.1.0"

[[package]]
name = "lab7"
version = "0.1.0"

[[package]]
name = "lab8"
version = "0.1.0"

[[package]]
name = "lab9"
version = "0.1.0"

[[package]]
name = "methods"
version = "0.1.0"
